# THIS IS AN AUTOGENERATED FILE. DO NOT EDIT THIS FILE DIRECTLY.
# yarn lockfile v1


"@babel/runtime@^7.10.1":
  version "7.18.9"
  resolved "https://registry.yarnpkg.com/@babel/runtime/-/runtime-7.18.9.tgz#b4fcfce55db3d2e5e080d2490f608a3b9f407f4a"
  integrity sha512-lkqXDcvlFT5rvEjiu6+QYO+1GXrEHRo2LOtS7E4GtX5ESIZOgepqsZBVIj6Pv+a6zqsya9VCgiK1KAK4BvJDAw==
  dependencies:
    regenerator-runtime "^0.13.4"

"@csstools/postcss-cascade-layers@^1.0.4":
  version "1.0.5"
  resolved "https://registry.yarnpkg.com/@csstools/postcss-cascade-layers/-/postcss-cascade-layers-1.0.5.tgz#f16f2c4396ace855541e1aa693f5f27ec972e6ad"
  integrity sha512-Id/9wBT7FkgFzdEpiEWrsVd4ltDxN0rI0QS0SChbeQiSuux3z21SJCRLu6h2cvCEUmaRi+VD0mHFj+GJD4GFnw==
  dependencies:
    "@csstools/selector-specificity" "^2.0.2"
    postcss-selector-parser "^6.0.10"

"@csstools/postcss-color-function@^1.1.0":
  version "1.1.1"
  resolved "https://registry.yarnpkg.com/@csstools/postcss-color-function/-/postcss-color-function-1.1.1.tgz#2bd36ab34f82d0497cfacdc9b18d34b5e6f64b6b"
  integrity sha512-Bc0f62WmHdtRDjf5f3e2STwRAl89N2CLb+9iAwzrv4L2hncrbDwnQD9PCq0gtAt7pOI2leIV08HIBUd4jxD8cw==
  dependencies:
    "@csstools/postcss-progressive-custom-properties" "^1.1.0"
    postcss-value-parser "^4.2.0"

"@csstools/postcss-font-format-keywords@^1.0.0":
  version "1.0.1"
  resolved "https://registry.yarnpkg.com/@csstools/postcss-font-format-keywords/-/postcss-font-format-keywords-1.0.1.tgz#677b34e9e88ae997a67283311657973150e8b16a"
  integrity sha512-ZgrlzuUAjXIOc2JueK0X5sZDjCtgimVp/O5CEqTcs5ShWBa6smhWYbS0x5cVc/+rycTDbjjzoP0KTDnUneZGOg==
  dependencies:
    postcss-value-parser "^4.2.0"

"@csstools/postcss-hwb-function@^1.0.1":
  version "1.0.2"
  resolved "https://registry.yarnpkg.com/@csstools/postcss-hwb-function/-/postcss-hwb-function-1.0.2.tgz#ab54a9fce0ac102c754854769962f2422ae8aa8b"
  integrity sha512-YHdEru4o3Rsbjmu6vHy4UKOXZD+Rn2zmkAmLRfPet6+Jz4Ojw8cbWxe1n42VaXQhD3CQUXXTooIy8OkVbUcL+w==
  dependencies:
    postcss-value-parser "^4.2.0"

"@csstools/postcss-ic-unit@^1.0.0":
  version "1.0.1"
  resolved "https://registry.yarnpkg.com/@csstools/postcss-ic-unit/-/postcss-ic-unit-1.0.1.tgz#28237d812a124d1a16a5acc5c3832b040b303e58"
  integrity sha512-Ot1rcwRAaRHNKC9tAqoqNZhjdYBzKk1POgWfhN4uCOE47ebGcLRqXjKkApVDpjifL6u2/55ekkpnFcp+s/OZUw==
  dependencies:
    "@csstools/postcss-progressive-custom-properties" "^1.1.0"
    postcss-value-parser "^4.2.0"

"@csstools/postcss-is-pseudo-class@^2.0.6":
  version "2.0.7"
  resolved "https://registry.yarnpkg.com/@csstools/postcss-is-pseudo-class/-/postcss-is-pseudo-class-2.0.7.tgz#846ae6c0d5a1eaa878fce352c544f9c295509cd1"
  integrity sha512-7JPeVVZHd+jxYdULl87lvjgvWldYu+Bc62s9vD/ED6/QTGjy0jy0US/f6BG53sVMTBJ1lzKZFpYmofBN9eaRiA==
  dependencies:
    "@csstools/selector-specificity" "^2.0.0"
    postcss-selector-parser "^6.0.10"

"@csstools/postcss-normalize-display-values@^1.0.0":
  version "1.0.1"
  resolved "https://registry.yarnpkg.com/@csstools/postcss-normalize-display-values/-/postcss-normalize-display-values-1.0.1.tgz#15da54a36e867b3ac5163ee12c1d7f82d4d612c3"
  integrity sha512-jcOanIbv55OFKQ3sYeFD/T0Ti7AMXc9nM1hZWu8m/2722gOTxFg7xYu4RDLJLeZmPUVQlGzo4jhzvTUq3x4ZUw==
  dependencies:
    postcss-value-parser "^4.2.0"

"@csstools/postcss-oklab-function@^1.1.0":
  version "1.1.1"
  resolved "https://registry.yarnpkg.com/@csstools/postcss-oklab-function/-/postcss-oklab-function-1.1.1.tgz#88cee0fbc8d6df27079ebd2fa016ee261eecf844"
  integrity sha512-nJpJgsdA3dA9y5pgyb/UfEzE7W5Ka7u0CX0/HIMVBNWzWemdcTH3XwANECU6anWv/ao4vVNLTMxhiPNZsTK6iA==
  dependencies:
    "@csstools/postcss-progressive-custom-properties" "^1.1.0"
    postcss-value-parser "^4.2.0"

"@csstools/postcss-progressive-custom-properties@^1.1.0", "@csstools/postcss-progressive-custom-properties@^1.3.0":
  version "1.3.0"
  resolved "https://registry.yarnpkg.com/@csstools/postcss-progressive-custom-properties/-/postcss-progressive-custom-properties-1.3.0.tgz#542292558384361776b45c85226b9a3a34f276fa"
  integrity sha512-ASA9W1aIy5ygskZYuWams4BzafD12ULvSypmaLJT2jvQ8G0M3I8PRQhC0h7mG0Z3LI05+agZjqSR9+K9yaQQjA==
  dependencies:
    postcss-value-parser "^4.2.0"

"@csstools/postcss-stepped-value-functions@^1.0.0":
  version "1.0.1"
  resolved "https://registry.yarnpkg.com/@csstools/postcss-stepped-value-functions/-/postcss-stepped-value-functions-1.0.1.tgz#f8772c3681cc2befed695e2b0b1d68e22f08c4f4"
  integrity sha512-dz0LNoo3ijpTOQqEJLY8nyaapl6umbmDcgj4AD0lgVQ572b2eqA1iGZYTTWhrcrHztWDDRAX2DGYyw2VBjvCvQ==
  dependencies:
    postcss-value-parser "^4.2.0"

"@csstools/postcss-trigonometric-functions@^1.0.1":
  version "1.0.2"
  resolved "https://registry.yarnpkg.com/@csstools/postcss-trigonometric-functions/-/postcss-trigonometric-functions-1.0.2.tgz#94d3e4774c36d35dcdc88ce091336cb770d32756"
  integrity sha512-woKaLO///4bb+zZC2s80l+7cm07M7268MsyG3M0ActXXEFi6SuhvriQYcb58iiKGbjwwIU7n45iRLEHypB47Og==
  dependencies:
    postcss-value-parser "^4.2.0"

"@csstools/postcss-unset-value@^1.0.1":
  version "1.0.2"
  resolved "https://registry.yarnpkg.com/@csstools/postcss-unset-value/-/postcss-unset-value-1.0.2.tgz#c99bb70e2cdc7312948d1eb41df2412330b81f77"
  integrity sha512-c8J4roPBILnelAsdLr4XOAR/GsTm0GJi4XpcfvoWk3U6KiTCqiFYc63KhRMQQX35jYMp4Ao8Ij9+IZRgMfJp1g==

"@csstools/selector-specificity@^2.0.0", "@csstools/selector-specificity@^2.0.2":
  version "2.0.2"
  resolved "https://registry.yarnpkg.com/@csstools/selector-specificity/-/selector-specificity-2.0.2.tgz#1bfafe4b7ed0f3e4105837e056e0a89b108ebe36"
  integrity sha512-IkpVW/ehM1hWKln4fCA3NzJU8KwD+kIOvPZA4cqxoJHtE21CCzjyp+Kxbu0i5I4tBNOlXPL9mjwnWlL0VEG4Fg==

"@floating-ui/core@^1.0.1":
  version "1.0.1"
  resolved "https://registry.yarnpkg.com/@floating-ui/core/-/core-1.0.1.tgz#00e64d74e911602c8533957af0cce5af6b2e93c8"
  integrity sha512-bO37brCPfteXQfFY0DyNDGB3+IMe4j150KFQcgJ5aBP295p9nBGeHEs/p0czrRbtlHq4Px/yoPXO/+dOCcF4uA==

"@floating-ui/dom@^1.0.0":
  version "1.0.4"
  resolved "https://registry.yarnpkg.com/@floating-ui/dom/-/dom-1.0.4.tgz#cc0f2a03db7193b1b932b90d09c5c81235682a60"
  integrity sha512-maYJRv+sAXTy4K9mzdv0JPyNW5YPVHrqtY90tEdI6XNpuLOP26Ci2pfwPsKBA/Wh4Z3FX5sUrtUFTdMYj9v+ug==
  dependencies:
    "@floating-ui/core" "^1.0.1"

"@hotwired/stimulus@^3.1.1":
  version "3.1.1"
  resolved "https://registry.yarnpkg.com/@hotwired/stimulus/-/stimulus-3.1.1.tgz#652f08a8e1d5edcb407340e58818fcff463b5848"
  integrity sha512-e0JpzIaYLsRRXevRDVs0yevabiCvieIWWCwh7VqVXjXM5AOHdjb7AjaKIj34zYFmY1N6HIRRfk915WVMYlHnDA==

"@hotwired/turbo@^7.2.4":
  version "7.2.4"
  resolved "https://registry.yarnpkg.com/@hotwired/turbo/-/turbo-7.2.4.tgz#0d35541be32cfae3b4f78c6ab9138f5b21f28a21"
  integrity sha512-c3xlOroHp/cCZHDOuLp6uzQYEbvXBUVaal0puXoGJ9M8L/KHwZ3hQozD4dVeSN9msHWLxxtmPT1TlCN7gFhj4w==

"@konnorr/bridgetown-quick-search@^3.0.0":
  version "3.0.0"
  resolved "https://registry.yarnpkg.com/@konnorr/bridgetown-quick-search/-/bridgetown-quick-search-3.0.0.tgz#a2d356718f9d38c3c5c3dac9309760fec7a2b6d3"
  integrity sha512-vR+qifIw3FE23ivDKQUUGRK3L3fOie4lngQu66Uc/bQMper1Yze9M6XIJgeHBy5fTFRsv2vm3+YkT8CEiy2//g==
  dependencies:
    lit "^2.4.1"
    lunr "^2.3.8"

"@lit-labs/react@^1.0.7":
  version "1.1.0"
  resolved "https://registry.yarnpkg.com/@lit-labs/react/-/react-1.1.0.tgz#665cf27cc83c5d0c6782ead5b906bd250619442b"
  integrity sha512-uvdOtzACm1WzTySpKnqXth62iPL+4yDow7cSZH7m7jHbDr+tZVXn44DJ5IoJuMjEevORRe57lNrOywFW6d4Fyg==

"@lit/reactive-element@^1.3.0":
  version "1.3.3"
  resolved "https://registry.yarnpkg.com/@lit/reactive-element/-/reactive-element-1.3.3.tgz#851de2bd28d6c3378a816a28d2505075931559c2"
  integrity sha512-ukelZ49tzUqgOAEbVujl/U62JNK3wdn5kKtXVqrjKND4QvHACZOMOYaZI6/5Jd8vsg+Fq9HDwiib70FBLydOiQ==

"@lit/reactive-element@^1.4.0":
  version "1.4.2"
  resolved "https://registry.yarnpkg.com/@lit/reactive-element/-/reactive-element-1.4.2.tgz#65d659e89d1a7e2f4f2b547182aef0a224f4adb7"
  integrity sha512-VMOxsWh/QDwrxPsgkSQnuZ+8mfNy1OTjzzUdLBvvZtpahwPTHTeVZ51RZRqO4xfKVrR+btIPA8D01IL3xeG66w==

"@shoelace-style/animations@^1.1.0":
  version "1.1.0"
  resolved "https://registry.yarnpkg.com/@shoelace-style/animations/-/animations-1.1.0.tgz#17539abafd6dcbf2a79e089e1593175e9f7835b5"
  integrity sha512-Be+cahtZyI2dPKRm8EZSx3YJQ+jLvEcn3xzRP7tM4tqBnvd/eW/64Xh0iOf0t2w5P8iJKfdBbpVNE9naCaOf2g==

"@shoelace-style/localize@^3.0.1":
  version "3.0.1"
  resolved "https://registry.yarnpkg.com/@shoelace-style/localize/-/localize-3.0.1.tgz#a6eda8ae29ac32fb59df50f3db14652a23f492c9"
  integrity sha512-nmv1syJ3ormbGq29GsuxGRK6BFq7Jhx+kVFyuuozz0Pckkvk1SGk2vpZZcdnj2vRZCETvlVB7KYgakUwgGmn+A==

"@shoelace-style/shoelace@^2.0.0-beta.83":
  version "2.0.0-beta.83"
  resolved "https://registry.yarnpkg.com/@shoelace-style/shoelace/-/shoelace-2.0.0-beta.83.tgz#9ea923e969a2cfc7c0b8ad46c81822b04a1c1520"
  integrity sha512-dHVBtapuqxSRu3klBZhf9/LtEtircaLLnDajNbhuiBiY7PVCxjjf/9Kyd/S/BpbhKwMICqJr+PaKoCTd2iWDJA==
  dependencies:
    "@floating-ui/dom" "^1.0.0"
    "@lit-labs/react" "^1.0.7"
    "@shoelace-style/animations" "^1.1.0"
    "@shoelace-style/localize" "^3.0.1"
    color "4.2"
    lit "^2.2.8"
    qr-creator "^1.0.0"

"@types/trusted-types@^2.0.2":
  version "2.0.2"
  resolved "https://registry.yarnpkg.com/@types/trusted-types/-/trusted-types-2.0.2.tgz#fc25ad9943bcac11cceb8168db4f275e0e72e756"
  integrity sha512-F5DIZ36YVLE+PN+Zwws4kJogq47hNgX3Nx6WyDJ3kcplxyke3XIzB8uK5n/Lpm1HBsbGzd6nmGehL8cPekP+Tg==

autoprefixer@^10.4.7:
  version "10.4.7"
  resolved "https://registry.yarnpkg.com/autoprefixer/-/autoprefixer-10.4.7.tgz#1db8d195f41a52ca5069b7593be167618edbbedf"
  integrity sha512-ypHju4Y2Oav95SipEcCcI5J7CGPuvz8oat7sUtYj3ClK44bldfvtvcxK6IEK++7rqB7YchDGzweZIBG+SD0ZAA==
  dependencies:
    browserslist "^4.20.3"
    caniuse-lite "^1.0.30001335"
    fraction.js "^4.2.0"
    normalize-range "^0.1.2"
    picocolors "^1.0.0"
    postcss-value-parser "^4.2.0"

balanced-match@^1.0.0:
  version "1.0.2"
  resolved "https://registry.yarnpkg.com/balanced-match/-/balanced-match-1.0.2.tgz#e83e3a7e3f300b34cb9d87f615fa0cbf357690ee"
  integrity sha512-3oSeUO0TMV67hN1AmbXsK4yaqU7tjiHlbxRDZOpH0KW9+CeX4bRAaX0Anxt0tx2MrpRpWwQaPwIlISEJhYU5Pw==

brace-expansion@^1.1.7:
  version "1.1.11"
  resolved "https://registry.yarnpkg.com/brace-expansion/-/brace-expansion-1.1.11.tgz#3c7fcbf529d87226f3d2f52b966ff5271eb441dd"
  integrity sha512-iCuPHDFgrHX7H2vEI/5xpz07zSHB00TpugqhmYtVmMO6518mCuRMoOYFldEBl0g187ufozdaHgWKcYFb61qGiA==
  dependencies:
    balanced-match "^1.0.0"
    concat-map "0.0.1"

bridgetown-quick-search@1.1.3:
  version "1.1.3"
  resolved "https://registry.yarnpkg.com/bridgetown-quick-search/-/bridgetown-quick-search-1.1.3.tgz#a54985723d7febafc3b74d6bccb0f5f91e282f29"
  integrity sha512-KsRvW3LpLr90YRm/c5z05/dQABSav4haQ2hzHPxc9eixQ6FQVCFVFvHnWhh/WdpBzpgTUG6HiLJHP7oPA7JAfg==
  dependencies:
    "@babel/runtime" "^7.10.1"
    lit "^2.0.0"
    lunr "^2.3.8"

browserslist@^4.20.3, browserslist@^4.21.0:
  version "4.21.2"
  resolved "https://registry.yarnpkg.com/browserslist/-/browserslist-4.21.2.tgz#59a400757465535954946a400b841ed37e2b4ecf"
  integrity sha512-MonuOgAtUB46uP5CezYbRaYKBNt2LxP0yX+Pmj4LkcDFGkn9Cbpi83d9sCjwQDErXsIJSzY5oKGDbgOlF/LPAA==
  dependencies:
    caniuse-lite "^1.0.30001366"
    electron-to-chromium "^1.4.188"
    node-releases "^2.0.6"
    update-browserslist-db "^1.0.4"

caniuse-lite@^1.0.30001335, caniuse-lite@^1.0.30001366:
  version "1.0.30001367"
  resolved "https://registry.yarnpkg.com/caniuse-lite/-/caniuse-lite-1.0.30001367.tgz#2b97fe472e8fa29c78c5970615d7cd2ee414108a"
  integrity sha512-XDgbeOHfifWV3GEES2B8rtsrADx4Jf+juKX2SICJcaUhjYBO3bR96kvEIHa15VU6ohtOhBZuPGGYGbXMRn0NCw==

color-convert@^2.0.1:
  version "2.0.1"
  resolved "https://registry.yarnpkg.com/color-convert/-/color-convert-2.0.1.tgz#72d3a68d598c9bdb3af2ad1e84f21d896abd4de3"
  integrity sha512-RRECPsj7iu/xb5oKYcsFHSppFNnsj/52OVTRKb4zP5onXwVF3zVmmToNcOfGC+CRDpfK/U584fMg38ZHCaElKQ==
  dependencies:
    color-name "~1.1.4"

color-name@^1.0.0, color-name@~1.1.4:
  version "1.1.4"
  resolved "https://registry.yarnpkg.com/color-name/-/color-name-1.1.4.tgz#c2a09a87acbde69543de6f63fa3995c826c536a2"
  integrity sha512-dOy+3AuW3a2wNbZHIuMZpTcgjGuLU/uBL/ubcZF9OXbDo8ff4O8yVp5Bf0efS8uEoYo5q4Fx7dY9OgQGXgAsQA==

color-string@^1.9.0:
  version "1.9.1"
  resolved "https://registry.yarnpkg.com/color-string/-/color-string-1.9.1.tgz#4467f9146f036f855b764dfb5bf8582bf342c7a4"
  integrity sha512-shrVawQFojnZv6xM40anx4CkoDP+fZsw/ZerEMsW/pyzsRbElpsL/DBVW7q3ExxwusdNXI3lXpuhEZkzs8p5Eg==
  dependencies:
    color-name "^1.0.0"
    simple-swizzle "^0.2.2"

color@4.2:
  version "4.2.3"
  resolved "https://registry.yarnpkg.com/color/-/color-4.2.3.tgz#d781ecb5e57224ee43ea9627560107c0e0c6463a"
  integrity sha512-1rXeuUUiGGrykh+CeBdu5Ie7OJwinCgQY0bc7GCRxy5xVHy+moaqkpL/jqQq0MtQOeYcrqEz4abc5f0KtU7W4A==
  dependencies:
    color-convert "^2.0.1"
    color-string "^1.9.0"

concat-map@0.0.1:
  version "0.0.1"
  resolved "https://registry.yarnpkg.com/concat-map/-/concat-map-0.0.1.tgz#d8a96bd77fd68df7793a73036a3ba0d5405d477b"
  integrity sha512-/Srv4dswyQNBfohGpz9o6Yb3Gz3SrUDqBH5rTuhGR7ahtlbYKnVxw2bCFMRljaA7EXHaXZ8wsHdodFvbkhKmqg==

css-blank-pseudo@^3.0.3:
  version "3.0.3"
  resolved "https://registry.yarnpkg.com/css-blank-pseudo/-/css-blank-pseudo-3.0.3.tgz#36523b01c12a25d812df343a32c322d2a2324561"
  integrity sha512-VS90XWtsHGqoM0t4KpH053c4ehxZ2E6HtGI7x68YFV0pTo/QmkV/YFA+NnlvK8guxZVNWGQhVNJGC39Q8XF4OQ==
  dependencies:
    postcss-selector-parser "^6.0.9"

css-has-pseudo@^3.0.4:
  version "3.0.4"
  resolved "https://registry.yarnpkg.com/css-has-pseudo/-/css-has-pseudo-3.0.4.tgz#57f6be91ca242d5c9020ee3e51bbb5b89fc7af73"
  integrity sha512-Vse0xpR1K9MNlp2j5w1pgWIJtm1a8qS0JwS9goFYcImjlHEmywP9VUF05aGBXzGpDJF86QXk4L0ypBmwPhGArw==
  dependencies:
    postcss-selector-parser "^6.0.9"

css-prefers-color-scheme@^6.0.3:
  version "6.0.3"
  resolved "https://registry.yarnpkg.com/css-prefers-color-scheme/-/css-prefers-color-scheme-6.0.3.tgz#ca8a22e5992c10a5b9d315155e7caee625903349"
  integrity sha512-4BqMbZksRkJQx2zAjrokiGMd07RqOa2IxIrrN10lyBe9xhn9DEvjUK79J6jkeiv9D9hQFXKb6g1jwU62jziJZA==

cssdb@^6.6.3:
  version "6.6.3"
  resolved "https://registry.yarnpkg.com/cssdb/-/cssdb-6.6.3.tgz#1f331a2fab30c18d9f087301e6122a878bb1e505"
  integrity sha512-7GDvDSmE+20+WcSMhP17Q1EVWUrLlbxxpMDqG731n8P99JhnQZHR9YvtjPvEHfjFUjvQJvdpKCjlKOX+xe4UVA==

cssesc@^3.0.0:
  version "3.0.0"
  resolved "https://registry.yarnpkg.com/cssesc/-/cssesc-3.0.0.tgz#37741919903b868565e1c09ea747445cd18983ee"
  integrity sha512-/Tb/JcjK111nNScGob5MNtsntNM1aCNUDipB/TkwZFhyDrrE47SOx/18wF2bbjgc3ZzCSKW1T5nt5EbFoAz/Vg==

electron-to-chromium@^1.4.188:
  version "1.4.192"
  resolved "https://registry.yarnpkg.com/electron-to-chromium/-/electron-to-chromium-1.4.192.tgz#fac050058b3e0713b401a1088cc579e14c2ab165"
  integrity sha512-8nCXyIQY9An88NXAp+PuPy5h3/w5ZY7Iu2lag65Q0XREprcat5F8gKhoHsBUnQcFuCRnmevpR8yEBYRU3d2HDw==

esbuild-android-arm64@0.13.15:
  version "0.13.15"
  resolved "https://registry.yarnpkg.com/esbuild-android-arm64/-/esbuild-android-arm64-0.13.15.tgz#3fc3ff0bab76fe35dd237476b5d2b32bb20a3d44"
  integrity sha512-m602nft/XXeO8YQPUDVoHfjyRVPdPgjyyXOxZ44MK/agewFFkPa8tUo6lAzSWh5Ui5PB4KR9UIFTSBKh/RrCmg==

esbuild-darwin-64@0.13.15:
  version "0.13.15"
  resolved "https://registry.yarnpkg.com/esbuild-darwin-64/-/esbuild-darwin-64-0.13.15.tgz#8e9169c16baf444eacec60d09b24d11b255a8e72"
  integrity sha512-ihOQRGs2yyp7t5bArCwnvn2Atr6X4axqPpEdCFPVp7iUj4cVSdisgvEKdNR7yH3JDjW6aQDw40iQFoTqejqxvQ==

esbuild-darwin-arm64@0.13.15:
  version "0.13.15"
  resolved "https://registry.yarnpkg.com/esbuild-darwin-arm64/-/esbuild-darwin-arm64-0.13.15.tgz#1b07f893b632114f805e188ddfca41b2b778229a"
  integrity sha512-i1FZssTVxUqNlJ6cBTj5YQj4imWy3m49RZRnHhLpefFIh0To05ow9DTrXROTE1urGTQCloFUXTX8QfGJy1P8dQ==

esbuild-freebsd-64@0.13.15:
  version "0.13.15"
  resolved "https://registry.yarnpkg.com/esbuild-freebsd-64/-/esbuild-freebsd-64-0.13.15.tgz#0b8b7eca1690c8ec94c75680c38c07269c1f4a85"
  integrity sha512-G3dLBXUI6lC6Z09/x+WtXBXbOYQZ0E8TDBqvn7aMaOCzryJs8LyVXKY4CPnHFXZAbSwkCbqiPuSQ1+HhrNk7EA==

esbuild-freebsd-arm64@0.13.15:
  version "0.13.15"
  resolved "https://registry.yarnpkg.com/esbuild-freebsd-arm64/-/esbuild-freebsd-arm64-0.13.15.tgz#2e1a6c696bfdcd20a99578b76350b41db1934e52"
  integrity sha512-KJx0fzEDf1uhNOZQStV4ujg30WlnwqUASaGSFPhznLM/bbheu9HhqZ6mJJZM32lkyfGJikw0jg7v3S0oAvtvQQ==

esbuild-linux-32@0.13.15:
  version "0.13.15"
  resolved "https://registry.yarnpkg.com/esbuild-linux-32/-/esbuild-linux-32-0.13.15.tgz#6fd39f36fc66dd45b6b5f515728c7bbebc342a69"
  integrity sha512-ZvTBPk0YWCLMCXiFmD5EUtB30zIPvC5Itxz0mdTu/xZBbbHJftQgLWY49wEPSn2T/TxahYCRDWun5smRa0Tu+g==

esbuild-linux-64@0.13.15:
  version "0.13.15"
  resolved "https://registry.yarnpkg.com/esbuild-linux-64/-/esbuild-linux-64-0.13.15.tgz#9cb8e4bcd7574e67946e4ee5f1f1e12386bb6dd3"
  integrity sha512-eCKzkNSLywNeQTRBxJRQ0jxRCl2YWdMB3+PkWFo2BBQYC5mISLIVIjThNtn6HUNqua1pnvgP5xX0nHbZbPj5oA==

esbuild-linux-arm64@0.13.15:
  version "0.13.15"
  resolved "https://registry.yarnpkg.com/esbuild-linux-arm64/-/esbuild-linux-arm64-0.13.15.tgz#3891aa3704ec579a1b92d2a586122e5b6a2bfba1"
  integrity sha512-bYpuUlN6qYU9slzr/ltyLTR9YTBS7qUDymO8SV7kjeNext61OdmqFAzuVZom+OLW1HPHseBfJ/JfdSlx8oTUoA==

esbuild-linux-arm@0.13.15:
  version "0.13.15"
  resolved "https://registry.yarnpkg.com/esbuild-linux-arm/-/esbuild-linux-arm-0.13.15.tgz#8a00e99e6a0c6c9a6b7f334841364d8a2b4aecfe"
  integrity sha512-wUHttDi/ol0tD8ZgUMDH8Ef7IbDX+/UsWJOXaAyTdkT7Yy9ZBqPg8bgB/Dn3CZ9SBpNieozrPRHm0BGww7W/jA==

esbuild-linux-mips64le@0.13.15:
  version "0.13.15"
  resolved "https://registry.yarnpkg.com/esbuild-linux-mips64le/-/esbuild-linux-mips64le-0.13.15.tgz#36b07cc47c3d21e48db3bb1f4d9ef8f46aead4f7"
  integrity sha512-KlVjIG828uFPyJkO/8gKwy9RbXhCEUeFsCGOJBepUlpa7G8/SeZgncUEz/tOOUJTcWMTmFMtdd3GElGyAtbSWg==

esbuild-linux-ppc64le@0.13.15:
  version "0.13.15"
  resolved "https://registry.yarnpkg.com/esbuild-linux-ppc64le/-/esbuild-linux-ppc64le-0.13.15.tgz#f7e6bba40b9a11eb9dcae5b01550ea04670edad2"
  integrity sha512-h6gYF+OsaqEuBjeesTBtUPw0bmiDu7eAeuc2OEH9S6mV9/jPhPdhOWzdeshb0BskRZxPhxPOjqZ+/OqLcxQwEQ==

esbuild-netbsd-64@0.13.15:
  version "0.13.15"
  resolved "https://registry.yarnpkg.com/esbuild-netbsd-64/-/esbuild-netbsd-64-0.13.15.tgz#a2fedc549c2b629d580a732d840712b08d440038"
  integrity sha512-3+yE9emwoevLMyvu+iR3rsa+Xwhie7ZEHMGDQ6dkqP/ndFzRHkobHUKTe+NCApSqG5ce2z4rFu+NX/UHnxlh3w==

esbuild-openbsd-64@0.13.15:
  version "0.13.15"
  resolved "https://registry.yarnpkg.com/esbuild-openbsd-64/-/esbuild-openbsd-64-0.13.15.tgz#b22c0e5806d3a1fbf0325872037f885306b05cd7"
  integrity sha512-wTfvtwYJYAFL1fSs8yHIdf5GEE4NkbtbXtjLWjM3Cw8mmQKqsg8kTiqJ9NJQe5NX/5Qlo7Xd9r1yKMMkHllp5g==

esbuild-sunos-64@0.13.15:
  version "0.13.15"
  resolved "https://registry.yarnpkg.com/esbuild-sunos-64/-/esbuild-sunos-64-0.13.15.tgz#d0b6454a88375ee8d3964daeff55c85c91c7cef4"
  integrity sha512-lbivT9Bx3t1iWWrSnGyBP9ODriEvWDRiweAs69vI+miJoeKwHWOComSRukttbuzjZ8r1q0mQJ8Z7yUsDJ3hKdw==

esbuild-windows-32@0.13.15:
  version "0.13.15"
  resolved "https://registry.yarnpkg.com/esbuild-windows-32/-/esbuild-windows-32-0.13.15.tgz#c96d0b9bbb52f3303322582ef8e4847c5ad375a7"
  integrity sha512-fDMEf2g3SsJ599MBr50cY5ve5lP1wyVwTe6aLJsM01KtxyKkB4UT+fc5MXQFn3RLrAIAZOG+tHC+yXObpSn7Nw==

esbuild-windows-64@0.13.15:
  version "0.13.15"
  resolved "https://registry.yarnpkg.com/esbuild-windows-64/-/esbuild-windows-64-0.13.15.tgz#1f79cb9b1e1bb02fb25cd414cb90d4ea2892c294"
  integrity sha512-9aMsPRGDWCd3bGjUIKG/ZOJPKsiztlxl/Q3C1XDswO6eNX/Jtwu4M+jb6YDH9hRSUflQWX0XKAfWzgy5Wk54JQ==

esbuild-windows-arm64@0.13.15:
  version "0.13.15"
  resolved "https://registry.yarnpkg.com/esbuild-windows-arm64/-/esbuild-windows-arm64-0.13.15.tgz#482173070810df22a752c686509c370c3be3b3c3"
  integrity sha512-zzvyCVVpbwQQATaf3IG8mu1IwGEiDxKkYUdA4FpoCHi1KtPa13jeScYDjlW0Qh+ebWzpKfR2ZwvqAQkSWNcKjA==

esbuild@^0.13.15:
  version "0.13.15"
  resolved "https://registry.yarnpkg.com/esbuild/-/esbuild-0.13.15.tgz#db56a88166ee373f87dbb2d8798ff449e0450cdf"
  integrity sha512-raCxt02HBKv8RJxE8vkTSCXGIyKHdEdGfUmiYb8wnabnaEmHzyW7DCHb5tEN0xU8ryqg5xw54mcwnYkC4x3AIw==
  optionalDependencies:
    esbuild-android-arm64 "0.13.15"
    esbuild-darwin-64 "0.13.15"
    esbuild-darwin-arm64 "0.13.15"
    esbuild-freebsd-64 "0.13.15"
    esbuild-freebsd-arm64 "0.13.15"
    esbuild-linux-32 "0.13.15"
    esbuild-linux-64 "0.13.15"
    esbuild-linux-arm "0.13.15"
    esbuild-linux-arm64 "0.13.15"
    esbuild-linux-mips64le "0.13.15"
    esbuild-linux-ppc64le "0.13.15"
    esbuild-netbsd-64 "0.13.15"
    esbuild-openbsd-64 "0.13.15"
    esbuild-sunos-64 "0.13.15"
    esbuild-windows-32 "0.13.15"
    esbuild-windows-64 "0.13.15"
    esbuild-windows-arm64 "0.13.15"

escalade@^3.1.1:
  version "3.1.1"
  resolved "https://registry.yarnpkg.com/escalade/-/escalade-3.1.1.tgz#d8cfdc7000965c5a0174b4a82eaa5c0552742e40"
  integrity sha512-k0er2gUkLf8O0zKJiAhmkTnJlTvINGv7ygDNPbeIsX/TJjGJZHuh9B2UxbsaEkmlEo9MfhrSzmhIlhRlI2GXnw==

fraction.js@^4.2.0:
  version "4.2.0"
  resolved "https://registry.yarnpkg.com/fraction.js/-/fraction.js-4.2.0.tgz#448e5109a313a3527f5a3ab2119ec4cf0e0e2950"
  integrity sha512-MhLuK+2gUcnZe8ZHlaaINnQLl0xRIGRfcGk2yl8xoQAfHrSsL3rYu6FCmBdkdbhc9EPlwyGHewaRsvwRMJtAlA==

fs.realpath@^1.0.0:
  version "1.0.0"
  resolved "https://registry.yarnpkg.com/fs.realpath/-/fs.realpath-1.0.0.tgz#1504ad2523158caa40db4a2787cb01411994ea4f"
  integrity sha512-OO0pH2lK6a0hZnAdau5ItzHPI6pUlvI7jMVnxUQRtw4owF2wk8lOSabtGDCTP4Ggrg2MbGnWO9X8K1t4+fGMDw==

function-bind@^1.1.1:
  version "1.1.1"
  resolved "https://registry.yarnpkg.com/function-bind/-/function-bind-1.1.1.tgz#a56899d3ea3c9bab874bb9773b7c5ede92f4895d"
  integrity sha512-yIovAzMX49sF8Yl58fSCWJ5svSLuaibPxXQJFLmBObTuCr0Mf1KiPopGM9NiFjiYBCbfaa2Fh6breQ6ANVTI0A==

glob@^7.2.0:
  version "7.2.3"
  resolved "https://registry.yarnpkg.com/glob/-/glob-7.2.3.tgz#b8df0fb802bbfa8e89bd1d938b4e16578ed44f2b"
  integrity sha512-nFR0zLpU2YCaRxwoCJvL6UvCH2JFyFVIvwTLsIf21AuHlMskA1hhTdk+LlYJtOlYt9v6dvszD2BGRqBL+iQK9Q==
  dependencies:
    fs.realpath "^1.0.0"
    inflight "^1.0.4"
    inherits "2"
    minimatch "^3.1.1"
    once "^1.3.0"
    path-is-absolute "^1.0.0"

has@^1.0.3:
  version "1.0.3"
  resolved "https://registry.yarnpkg.com/has/-/has-1.0.3.tgz#722d7cbfc1f6aa8241f16dd814e011e1f41e8796"
  integrity sha512-f2dvO0VU6Oej7RkWJGrehjbzMAjFp5/VKPp5tTpWIV4JHHZK1/BxbFRtf/siA2SWTe09caDmVtYYzWEIbBS4zw==
  dependencies:
    function-bind "^1.1.1"

inflight@^1.0.4:
  version "1.0.6"
  resolved "https://registry.yarnpkg.com/inflight/-/inflight-1.0.6.tgz#49bd6331d7d02d0c09bc910a1075ba8165b56df9"
  integrity sha512-k92I/b08q4wvFscXCLvqfsHCrjrF7yiXsQuIVvVE7N82W3+aqpzuUdBbfhWcy/FZR3/4IgflMgKLOsvPDrGCJA==
  dependencies:
    once "^1.3.0"
    wrappy "1"

inherits@2:
  version "2.0.4"
  resolved "https://registry.yarnpkg.com/inherits/-/inherits-2.0.4.tgz#0fa2c64f932917c3433a0ded55363aae37416b7c"
  integrity sha512-k/vGaX4/Yla3WzyMCvTQOXYeIHvqOKtnqBduzTHpzpQZzAskKMhZ2K+EnBiSM9zGSoIFeMpXKxa4dYeZIQqewQ==

is-arrayish@^0.3.1:
  version "0.3.2"
  resolved "https://registry.yarnpkg.com/is-arrayish/-/is-arrayish-0.3.2.tgz#4574a2ae56f7ab206896fb431eaeed066fdf8f03"
  integrity sha512-eVRqCvVlZbuw3GrM63ovNSNAeA1K16kaR/LRY/92w0zxQ5/1YzwblUX652i4Xs9RwAGjW9d9y6X88t8OaAJfWQ==

is-core-module@^2.9.0:
  version "2.9.0"
  resolved "https://registry.yarnpkg.com/is-core-module/-/is-core-module-2.9.0.tgz#e1c34429cd51c6dd9e09e0799e396e27b19a9c69"
  integrity sha512-+5FPy5PnwmO3lvfMb0AsoPaBG+5KHUI0wYFXOtYPnVVVspTFUuMZNfNaNVRt3FZadstu2c8x23vykRW/NBoU6A==
  dependencies:
    has "^1.0.3"

konnors-pc@^0.0.9:
  version "0.0.9"
  resolved "https://registry.yarnpkg.com/konnors-pc/-/konnors-pc-0.0.9.tgz#986127083bb164414887dd38961dfcd8fb20b538"
  integrity sha512-NjIbezJX1iLRXMV3J21tAJBloY2zl+jzgmLFAZusPEBX3yV5mm6Ro0CDlbqwja2pUvE077CDC4f4Wp1XNva6Ew==
  dependencies:
    lit "^2.2.1"
    tslib "^2.3.1"

lilconfig@^2.0.5:
  version "2.0.6"
  resolved "https://registry.yarnpkg.com/lilconfig/-/lilconfig-2.0.6.tgz#32a384558bd58af3d4c6e077dd1ad1d397bc69d4"
  integrity sha512-9JROoBW7pobfsx+Sq2JsASvCo6Pfo6WWoUW79HuB1BCoBXD4PLWJPqDF6fNj67pqBYTbAHkE57M1kS/+L1neOg==

lit-element@^3.2.0:
  version "3.2.1"
  resolved "https://registry.yarnpkg.com/lit-element/-/lit-element-3.2.1.tgz#f917d22451b848768f84164d41eb5e18903986e3"
  integrity sha512-2PxyE9Yq9Jyo/YBK2anycaHcqo93YvB5D+24JxloPVqryW/BOXekne+jGsm0Ke3E5E2v7CDgkmpEmCAzYfrHCQ==
  dependencies:
    "@lit/reactive-element" "^1.3.0"
    lit-html "^2.2.0"

lit-html@^2.2.0:
  version "2.2.6"
  resolved "https://registry.yarnpkg.com/lit-html/-/lit-html-2.2.6.tgz#e70679605420a34c4f3cbd0c483b2fb1fff781df"
  integrity sha512-xOKsPmq/RAKJ6dUeOxhmOYFjcjf0Q7aSdfBJgdJkOfCUnkmmJPxNrlZpRBeVe1Gg50oYWMlgm6ccAE/SpJgSdw==
  dependencies:
    "@types/trusted-types" "^2.0.2"

lit-html@^2.4.0:
  version "2.4.0"
  resolved "https://registry.yarnpkg.com/lit-html/-/lit-html-2.4.0.tgz#b510430f39a56ec959167ed1187241a4e3ab1574"
  integrity sha512-G6qXu4JNUpY6aaF2VMfaszhO9hlWw0hOTRFDmuMheg/nDYGB+2RztUSOyrzALAbr8Nh0Y7qjhYkReh3rPnplVg==
  dependencies:
    "@types/trusted-types" "^2.0.2"

lit@^2.0.0, lit@^2.2.1:
  version "2.2.7"
  resolved "https://registry.yarnpkg.com/lit/-/lit-2.2.7.tgz#a563e8851db1f131912f510129dcc9a42324e838"
  integrity sha512-WXYujlKFwme5ZqXOZoWuRVZQAwy7scbcVT3wCbAOHefOxyscqjywWGlF2e6nnC9E64yP9l2ZQlN8wZcRlrjUMQ==
  dependencies:
    "@lit/reactive-element" "^1.3.0"
    lit-element "^3.2.0"
    lit-html "^2.2.0"

lit@^2.2.8, lit@^2.4.1:
  version "2.4.1"
  resolved "https://registry.yarnpkg.com/lit/-/lit-2.4.1.tgz#21251ac14eb1ec8ca7cd15c9ac3564359809f7b5"
  integrity sha512-qohSgLiyN1cFnJG26dIiY03S4F49857A0AHQfnS0zYtnUVnD2MFvx+UT52rtXsIuNFQrnUupX+zyGSATlk1f/A==
  dependencies:
    "@lit/reactive-element" "^1.4.0"
    lit-element "^3.2.0"
    lit-html "^2.4.0"

lunr@^2.3.8:
  version "2.3.9"
  resolved "https://registry.yarnpkg.com/lunr/-/lunr-2.3.9.tgz#18b123142832337dd6e964df1a5a7707b25d35e1"
  integrity sha512-zTU3DaZaF3Rt9rhN3uBMGQD3dD2/vFQqnvZCDv4dl5iOzq2IZQqTxu90r4E5J+nP70J3ilqVCrbho2eWaeW8Ow==

minimatch@^3.1.1:
  version "3.1.2"
  resolved "https://registry.yarnpkg.com/minimatch/-/minimatch-3.1.2.tgz#19cd194bfd3e428f049a70817c038d89ab4be35b"
  integrity sha512-J7p63hRiAjw1NDEww1W7i37+ByIrOWO5XQQAzZ3VOcL0PNybwpfmV/N05zFAzwQ9USyEcX6t3UO+K5aqBQOIHw==
  dependencies:
    brace-expansion "^1.1.7"

nanoid@^3.3.4:
  version "3.3.4"
  resolved "https://registry.yarnpkg.com/nanoid/-/nanoid-3.3.4.tgz#730b67e3cd09e2deacf03c027c81c9d9dbc5e8ab"
  integrity sha512-MqBkQh/OHTS2egovRtLk45wEyNXwF+cokD+1YPf9u5VfJiRdAiRwB2froX5Co9Rh20xs4siNPm8naNotSD6RBw==

node-releases@^2.0.6:
  version "2.0.6"
  resolved "https://registry.yarnpkg.com/node-releases/-/node-releases-2.0.6.tgz#8a7088c63a55e493845683ebf3c828d8c51c5503"
  integrity sha512-PiVXnNuFm5+iYkLBNeq5211hvO38y63T0i2KKh2KnUs3RpzJ+JtODFjkD8yjLwnDkTYF1eKXheUwdssR+NRZdg==

normalize-range@^0.1.2:
  version "0.1.2"
  resolved "https://registry.yarnpkg.com/normalize-range/-/normalize-range-0.1.2.tgz#2d10c06bdfd312ea9777695a4d28439456b75942"
  integrity sha512-bdok/XvKII3nUpklnV6P2hxtMNrCboOjAcyBuQnWEhO665FwrSNRxU+AqpsyvO6LgGYPspN+lu5CLtw4jPRKNA==

once@^1.3.0:
  version "1.4.0"
  resolved "https://registry.yarnpkg.com/once/-/once-1.4.0.tgz#583b1aa775961d4b113ac17d9c50baef9dd76bd1"
  integrity sha512-lNaJgI+2Q5URQBkccEKHTQOPaXdUxnZZElQTZY0MFUAuaEqe1E+Nyvgdz/aIyNi6Z9MzO5dv1H8n58/GELp3+w==
  dependencies:
    wrappy "1"

path-is-absolute@^1.0.0:
  version "1.0.1"
  resolved "https://registry.yarnpkg.com/path-is-absolute/-/path-is-absolute-1.0.1.tgz#174b9268735534ffbc7ace6bf53a5a9e1b5c5f5f"
  integrity sha512-AVbw3UJ2e9bq64vSaS9Am0fje1Pa8pbGqTTsmXfaIiMpnr5DlDhfJOuLj9Sf95ZPVDAUerDfEk88MPmPe7UCQg==

path-parse@^1.0.7:
  version "1.0.7"
  resolved "https://registry.yarnpkg.com/path-parse/-/path-parse-1.0.7.tgz#fbc114b60ca42b30d9daf5858e4bd68bbedb6735"
  integrity sha512-LDJzPVEEEPR+y48z93A0Ed0yXb8pAByGWo/k5YYdYgpY2/2EsOsksJrq7lOHxryrVOn1ejG6oAp8ahvOIQD8sw==

picocolors@^1.0.0:
  version "1.0.0"
  resolved "https://registry.yarnpkg.com/picocolors/-/picocolors-1.0.0.tgz#cb5bdc74ff3f51892236eaf79d68bc44564ab81c"
  integrity sha512-1fygroTLlHu66zi26VoTDv8yRgm0Fccecssto+MhsZ0D/DGW2sm8E8AjW7NU5VVTRt5GxbeZ5qBuJr+HyLYkjQ==

pify@^2.3.0:
  version "2.3.0"
  resolved "https://registry.yarnpkg.com/pify/-/pify-2.3.0.tgz#ed141a6ac043a849ea588498e7dca8b15330e90c"
  integrity sha512-udgsAY+fTnvv7kI7aaxbqwWNb0AHiB0qBO89PZKPkoTmGOgdbrHDKD+0B2X4uTfJ/FT1R09r9gTsjUjNJotuog==

postcss-attribute-case-insensitive@^5.0.1:
  version "5.0.2"
  resolved "https://registry.yarnpkg.com/postcss-attribute-case-insensitive/-/postcss-attribute-case-insensitive-5.0.2.tgz#03d761b24afc04c09e757e92ff53716ae8ea2741"
  integrity sha512-XIidXV8fDr0kKt28vqki84fRK8VW8eTuIa4PChv2MqKuT6C9UjmSKzen6KaWhWEoYvwxFCa7n/tC1SZ3tyq4SQ==
  dependencies:
    postcss-selector-parser "^6.0.10"

postcss-clamp@^4.1.0:
  version "4.1.0"
  resolved "https://registry.yarnpkg.com/postcss-clamp/-/postcss-clamp-4.1.0.tgz#7263e95abadd8c2ba1bd911b0b5a5c9c93e02363"
  integrity sha512-ry4b1Llo/9zz+PKC+030KUnPITTJAHeOwjfAyyB60eT0AorGLdzp52s31OsPRHRf8NchkgFoG2y6fCfn1IV1Ow==
  dependencies:
    postcss-value-parser "^4.2.0"

postcss-color-functional-notation@^4.2.3:
  version "4.2.4"
  resolved "https://registry.yarnpkg.com/postcss-color-functional-notation/-/postcss-color-functional-notation-4.2.4.tgz#21a909e8d7454d3612d1659e471ce4696f28caec"
  integrity sha512-2yrTAUZUab9s6CpxkxC4rVgFEVaR6/2Pipvi6qcgvnYiVqZcbDHEoBDhrXzyb7Efh2CCfHQNtcqWcIruDTIUeg==
  dependencies:
    postcss-value-parser "^4.2.0"

postcss-color-hex-alpha@^8.0.4:
  version "8.0.4"
  resolved "https://registry.yarnpkg.com/postcss-color-hex-alpha/-/postcss-color-hex-alpha-8.0.4.tgz#c66e2980f2fbc1a63f5b079663340ce8b55f25a5"
  integrity sha512-nLo2DCRC9eE4w2JmuKgVA3fGL3d01kGq752pVALF68qpGLmx2Qrk91QTKkdUqqp45T1K1XV8IhQpcu1hoAQflQ==
  dependencies:
    postcss-value-parser "^4.2.0"

postcss-color-rebeccapurple@^7.1.0:
  version "7.1.1"
  resolved "https://registry.yarnpkg.com/postcss-color-rebeccapurple/-/postcss-color-rebeccapurple-7.1.1.tgz#63fdab91d878ebc4dd4b7c02619a0c3d6a56ced0"
  integrity sha512-pGxkuVEInwLHgkNxUc4sdg4g3py7zUeCQ9sMfwyHAT+Ezk8a4OaaVZ8lIY5+oNqA/BXXgLyXv0+5wHP68R79hg==
  dependencies:
    postcss-value-parser "^4.2.0"

postcss-custom-media@^8.0.2:
  version "8.0.2"
  resolved "https://registry.yarnpkg.com/postcss-custom-media/-/postcss-custom-media-8.0.2.tgz#c8f9637edf45fef761b014c024cee013f80529ea"
  integrity sha512-7yi25vDAoHAkbhAzX9dHx2yc6ntS4jQvejrNcC+csQJAXjj15e7VcWfMgLqBNAbOvqi5uIa9huOVwdHbf+sKqg==
  dependencies:
    postcss-value-parser "^4.2.0"

postcss-custom-properties@^12.1.8:
  version "12.1.8"
  resolved "https://registry.yarnpkg.com/postcss-custom-properties/-/postcss-custom-properties-12.1.8.tgz#aa003e1885c5bd28e2e32496cd597e389ca889e4"
  integrity sha512-8rbj8kVu00RQh2fQF81oBqtduiANu4MIxhyf0HbbStgPtnFlWn0yiaYTpLHrPnJbffVY1s9apWsIoVZcc68FxA==
  dependencies:
    postcss-value-parser "^4.2.0"

postcss-custom-selectors@^6.0.3:
  version "6.0.3"
  resolved "https://registry.yarnpkg.com/postcss-custom-selectors/-/postcss-custom-selectors-6.0.3.tgz#1ab4684d65f30fed175520f82d223db0337239d9"
  integrity sha512-fgVkmyiWDwmD3JbpCmB45SvvlCD6z9CG6Ie6Iere22W5aHea6oWa7EM2bpnv2Fj3I94L3VbtvX9KqwSi5aFzSg==
  dependencies:
    postcss-selector-parser "^6.0.4"

postcss-dir-pseudo-class@^6.0.4:
  version "6.0.5"
  resolved "https://registry.yarnpkg.com/postcss-dir-pseudo-class/-/postcss-dir-pseudo-class-6.0.5.tgz#2bf31de5de76added44e0a25ecf60ae9f7c7c26c"
  integrity sha512-eqn4m70P031PF7ZQIvSgy9RSJ5uI2171O/OO/zcRNYpJbvaeKFUlar1aJ7rmgiQtbm0FSPsRewjpdS0Oew7MPA==
  dependencies:
    postcss-selector-parser "^6.0.10"

postcss-double-position-gradients@^3.1.1:
  version "3.1.2"
  resolved "https://registry.yarnpkg.com/postcss-double-position-gradients/-/postcss-double-position-gradients-3.1.2.tgz#b96318fdb477be95997e86edd29c6e3557a49b91"
  integrity sha512-GX+FuE/uBR6eskOK+4vkXgT6pDkexLokPaz/AbJna9s5Kzp/yl488pKPjhy0obB475ovfT1Wv8ho7U/cHNaRgQ==
  dependencies:
    "@csstools/postcss-progressive-custom-properties" "^1.1.0"
    postcss-value-parser "^4.2.0"

postcss-env-function@^4.0.6:
  version "4.0.6"
  resolved "https://registry.yarnpkg.com/postcss-env-function/-/postcss-env-function-4.0.6.tgz#7b2d24c812f540ed6eda4c81f6090416722a8e7a"
  integrity sha512-kpA6FsLra+NqcFnL81TnsU+Z7orGtDTxcOhl6pwXeEq1yFPpRMkCDpHhrz8CFQDr/Wfm0jLiNQ1OsGGPjlqPwA==
  dependencies:
    postcss-value-parser "^4.2.0"

postcss-flexbugs-fixes@^5.0.2:
  version "5.0.2"
  resolved "https://registry.yarnpkg.com/postcss-flexbugs-fixes/-/postcss-flexbugs-fixes-5.0.2.tgz#2028e145313074fc9abe276cb7ca14e5401eb49d"
  integrity sha512-18f9voByak7bTktR2QgDveglpn9DTbBWPUzSOe9g0N4WR/2eSt6Vrcbf0hmspvMI6YWGywz6B9f7jzpFNJJgnQ==

postcss-focus-visible@^6.0.4:
  version "6.0.4"
  resolved "https://registry.yarnpkg.com/postcss-focus-visible/-/postcss-focus-visible-6.0.4.tgz#50c9ea9afa0ee657fb75635fabad25e18d76bf9e"
  integrity sha512-QcKuUU/dgNsstIK6HELFRT5Y3lbrMLEOwG+A4s5cA+fx3A3y/JTq3X9LaOj3OC3ALH0XqyrgQIgey/MIZ8Wczw==
  dependencies:
    postcss-selector-parser "^6.0.9"

postcss-focus-within@^5.0.4:
  version "5.0.4"
  resolved "https://registry.yarnpkg.com/postcss-focus-within/-/postcss-focus-within-5.0.4.tgz#5b1d2ec603195f3344b716c0b75f61e44e8d2e20"
  integrity sha512-vvjDN++C0mu8jz4af5d52CB184ogg/sSxAFS+oUJQq2SuCe7T5U2iIsVJtsCp2d6R4j0jr5+q3rPkBVZkXD9fQ==
  dependencies:
    postcss-selector-parser "^6.0.9"

postcss-font-variant@^5.0.0:
  version "5.0.0"
  resolved "https://registry.yarnpkg.com/postcss-font-variant/-/postcss-font-variant-5.0.0.tgz#efd59b4b7ea8bb06127f2d031bfbb7f24d32fa66"
  integrity sha512-1fmkBaCALD72CK2a9i468mA/+tr9/1cBxRRMXOUaZqO43oWPR5imcyPjXwuv7PXbCid4ndlP5zWhidQVVa3hmA==

postcss-gap-properties@^3.0.3:
  version "3.0.5"
  resolved "https://registry.yarnpkg.com/postcss-gap-properties/-/postcss-gap-properties-3.0.5.tgz#f7e3cddcf73ee19e94ccf7cb77773f9560aa2fff"
  integrity sha512-IuE6gKSdoUNcvkGIqdtjtcMtZIFyXZhmFd5RUlg97iVEvp1BZKV5ngsAjCjrVy+14uhGBQl9tzmi1Qwq4kqVOg==

postcss-image-set-function@^4.0.6:
  version "4.0.7"
  resolved "https://registry.yarnpkg.com/postcss-image-set-function/-/postcss-image-set-function-4.0.7.tgz#08353bd756f1cbfb3b6e93182c7829879114481f"
  integrity sha512-9T2r9rsvYzm5ndsBE8WgtrMlIT7VbtTfE7b3BQnudUqnBcBo7L758oc+o+pdj/dUV0l5wjwSdjeOH2DZtfv8qw==
  dependencies:
    postcss-value-parser "^4.2.0"

postcss-import@^14.0.2:
  version "14.1.0"
  resolved "https://registry.yarnpkg.com/postcss-import/-/postcss-import-14.1.0.tgz#a7333ffe32f0b8795303ee9e40215dac922781f0"
  integrity sha512-flwI+Vgm4SElObFVPpTIT7SU7R3qk2L7PyduMcokiaVKuWv9d/U+Gm/QAd8NDLuykTWTkcrjOeD2Pp1rMeBTGw==
  dependencies:
    postcss-value-parser "^4.0.0"
    read-cache "^1.0.0"
    resolve "^1.1.7"

postcss-initial@^4.0.1:
  version "4.0.1"
  resolved "https://registry.yarnpkg.com/postcss-initial/-/postcss-initial-4.0.1.tgz#529f735f72c5724a0fb30527df6fb7ac54d7de42"
  integrity sha512-0ueD7rPqX8Pn1xJIjay0AZeIuDoF+V+VvMt/uOnn+4ezUKhZM/NokDeP6DwMNyIoYByuN/94IQnt5FEkaN59xQ==

postcss-lab-function@^4.2.0:
  version "4.2.1"
  resolved "https://registry.yarnpkg.com/postcss-lab-function/-/postcss-lab-function-4.2.1.tgz#6fe4c015102ff7cd27d1bd5385582f67ebdbdc98"
  integrity sha512-xuXll4isR03CrQsmxyz92LJB2xX9n+pZJ5jE9JgcnmsCammLyKdlzrBin+25dy6wIjfhJpKBAN80gsTlCgRk2w==
  dependencies:
    "@csstools/postcss-progressive-custom-properties" "^1.1.0"
    postcss-value-parser "^4.2.0"

postcss-load-config@^3.1.0:
  version "3.1.4"
  resolved "https://registry.yarnpkg.com/postcss-load-config/-/postcss-load-config-3.1.4.tgz#1ab2571faf84bb078877e1d07905eabe9ebda855"
  integrity sha512-6DiM4E7v4coTE4uzA8U//WhtPwyhiim3eyjEMFCnUpzbrkK9wJHgKDT2mR+HbtSrd/NubVaYTOpSpjUl8NQeRg==
  dependencies:
    lilconfig "^2.0.5"
    yaml "^1.10.2"

postcss-logical@^5.0.4:
  version "5.0.4"
  resolved "https://registry.yarnpkg.com/postcss-logical/-/postcss-logical-5.0.4.tgz#ec75b1ee54421acc04d5921576b7d8db6b0e6f73"
  integrity sha512-RHXxplCeLh9VjinvMrZONq7im4wjWGlRJAqmAVLXyZaXwfDWP73/oq4NdIp+OZwhQUMj0zjqDfM5Fj7qby+B4g==

postcss-media-minmax@^5.0.0:
  version "5.0.0"
  resolved "https://registry.yarnpkg.com/postcss-media-minmax/-/postcss-media-minmax-5.0.0.tgz#7140bddec173e2d6d657edbd8554a55794e2a5b5"
  integrity sha512-yDUvFf9QdFZTuCUg0g0uNSHVlJ5X1lSzDZjPSFaiCWvjgsvu8vEVxtahPrLMinIDEEGnx6cBe6iqdx5YWz08wQ==

postcss-nesting@^10.1.9:
  version "10.1.10"
  resolved "https://registry.yarnpkg.com/postcss-nesting/-/postcss-nesting-10.1.10.tgz#9c396df3d8232cbedfa95baaac6b765b8fd2a817"
  integrity sha512-lqd7LXCq0gWc0wKXtoKDru5wEUNjm3OryLVNRZ8OnW8km6fSNUuFrjEhU3nklxXE2jvd4qrox566acgh+xQt8w==
  dependencies:
    "@csstools/selector-specificity" "^2.0.0"
    postcss-selector-parser "^6.0.10"

postcss-opacity-percentage@^1.1.2:
  version "1.1.2"
  resolved "https://registry.yarnpkg.com/postcss-opacity-percentage/-/postcss-opacity-percentage-1.1.2.tgz#bd698bb3670a0a27f6d657cc16744b3ebf3b1145"
  integrity sha512-lyUfF7miG+yewZ8EAk9XUBIlrHyUE6fijnesuz+Mj5zrIHIEw6KcIZSOk/elVMqzLvREmXB83Zi/5QpNRYd47w==

postcss-overflow-shorthand@^3.0.3:
  version "3.0.4"
  resolved "https://registry.yarnpkg.com/postcss-overflow-shorthand/-/postcss-overflow-shorthand-3.0.4.tgz#7ed6486fec44b76f0eab15aa4866cda5d55d893e"
  integrity sha512-otYl/ylHK8Y9bcBnPLo3foYFLL6a6Ak+3EQBPOTR7luMYCOsiVTUk1iLvNf6tVPNGXcoL9Hoz37kpfriRIFb4A==
  dependencies:
    postcss-value-parser "^4.2.0"

postcss-page-break@^3.0.4:
  version "3.0.4"
  resolved "https://registry.yarnpkg.com/postcss-page-break/-/postcss-page-break-3.0.4.tgz#7fbf741c233621622b68d435babfb70dd8c1ee5f"
  integrity sha512-1JGu8oCjVXLa9q9rFTo4MbeeA5FMe00/9C7lN4va606Rdb+HkxXtXsmEDrIraQ11fGz/WvKWa8gMuCKkrXpTsQ==

postcss-place@^7.0.4:
  version "7.0.5"
  resolved "https://registry.yarnpkg.com/postcss-place/-/postcss-place-7.0.5.tgz#95dbf85fd9656a3a6e60e832b5809914236986c4"
  integrity sha512-wR8igaZROA6Z4pv0d+bvVrvGY4GVHihBCBQieXFY3kuSuMyOmEnnfFzHl/tQuqHZkfkIVBEbDvYcFfHmpSet9g==
  dependencies:
    postcss-value-parser "^4.2.0"

postcss-preset-env@^7.0.1:
  version "7.7.2"
  resolved "https://registry.yarnpkg.com/postcss-preset-env/-/postcss-preset-env-7.7.2.tgz#769f7f21779b4688c9a6082ae1572416cab415cf"
  integrity sha512-1q0ih7EDsZmCb/FMDRvosna7Gsbdx8CvYO5hYT120hcp2ZAuOHpSzibujZ4JpIUcAC02PG6b+eftxqjTFh5BNA==
  dependencies:
    "@csstools/postcss-cascade-layers" "^1.0.4"
    "@csstools/postcss-color-function" "^1.1.0"
    "@csstools/postcss-font-format-keywords" "^1.0.0"
    "@csstools/postcss-hwb-function" "^1.0.1"
    "@csstools/postcss-ic-unit" "^1.0.0"
    "@csstools/postcss-is-pseudo-class" "^2.0.6"
    "@csstools/postcss-normalize-display-values" "^1.0.0"
    "@csstools/postcss-oklab-function" "^1.1.0"
    "@csstools/postcss-progressive-custom-properties" "^1.3.0"
    "@csstools/postcss-stepped-value-functions" "^1.0.0"
    "@csstools/postcss-trigonometric-functions" "^1.0.1"
    "@csstools/postcss-unset-value" "^1.0.1"
    autoprefixer "^10.4.7"
    browserslist "^4.21.0"
    css-blank-pseudo "^3.0.3"
    css-has-pseudo "^3.0.4"
    css-prefers-color-scheme "^6.0.3"
    cssdb "^6.6.3"
    postcss-attribute-case-insensitive "^5.0.1"
    postcss-clamp "^4.1.0"
    postcss-color-functional-notation "^4.2.3"
    postcss-color-hex-alpha "^8.0.4"
    postcss-color-rebeccapurple "^7.1.0"
    postcss-custom-media "^8.0.2"
    postcss-custom-properties "^12.1.8"
    postcss-custom-selectors "^6.0.3"
    postcss-dir-pseudo-class "^6.0.4"
    postcss-double-position-gradients "^3.1.1"
    postcss-env-function "^4.0.6"
    postcss-focus-visible "^6.0.4"
    postcss-focus-within "^5.0.4"
    postcss-font-variant "^5.0.0"
    postcss-gap-properties "^3.0.3"
    postcss-image-set-function "^4.0.6"
    postcss-initial "^4.0.1"
    postcss-lab-function "^4.2.0"
    postcss-logical "^5.0.4"
    postcss-media-minmax "^5.0.0"
    postcss-nesting "^10.1.9"
    postcss-opacity-percentage "^1.1.2"
    postcss-overflow-shorthand "^3.0.3"
    postcss-page-break "^3.0.4"
    postcss-place "^7.0.4"
    postcss-pseudo-class-any-link "^7.1.5"
    postcss-replace-overflow-wrap "^4.0.0"
    postcss-selector-not "^6.0.0"
    postcss-value-parser "^4.2.0"

postcss-pseudo-class-any-link@^7.1.5:
  version "7.1.6"
  resolved "https://registry.yarnpkg.com/postcss-pseudo-class-any-link/-/postcss-pseudo-class-any-link-7.1.6.tgz#2693b221902da772c278def85a4d9a64b6e617ab"
  integrity sha512-9sCtZkO6f/5ML9WcTLcIyV1yz9D1rf0tWc+ulKcvV30s0iZKS/ONyETvoWsr6vnrmW+X+KmuK3gV/w5EWnT37w==
  dependencies:
    postcss-selector-parser "^6.0.10"

postcss-replace-overflow-wrap@^4.0.0:
  version "4.0.0"
  resolved "https://registry.yarnpkg.com/postcss-replace-overflow-wrap/-/postcss-replace-overflow-wrap-4.0.0.tgz#d2df6bed10b477bf9c52fab28c568b4b29ca4319"
  integrity sha512-KmF7SBPphT4gPPcKZc7aDkweHiKEEO8cla/GjcBK+ckKxiZslIu3C4GCRW3DNfL0o7yW7kMQu9xlZ1kXRXLXtw==

postcss-selector-not@^6.0.0:
  version "6.0.1"
  resolved "https://registry.yarnpkg.com/postcss-selector-not/-/postcss-selector-not-6.0.1.tgz#8f0a709bf7d4b45222793fc34409be407537556d"
  integrity sha512-1i9affjAe9xu/y9uqWH+tD4r6/hDaXJruk8xn2x1vzxC2U3J3LKO3zJW4CyxlNhA56pADJ/djpEwpH1RClI2rQ==
  dependencies:
    postcss-selector-parser "^6.0.10"

postcss-selector-parser@^6.0.10, postcss-selector-parser@^6.0.4, postcss-selector-parser@^6.0.9:
  version "6.0.10"
  resolved "https://registry.yarnpkg.com/postcss-selector-parser/-/postcss-selector-parser-6.0.10.tgz#79b61e2c0d1bfc2602d549e11d0876256f8df88d"
  integrity sha512-IQ7TZdoaqbT+LCpShg46jnZVlhWD2w6iQYAcYXfHARZ7X1t/UGhhceQDs5X0cGqKvYlHNOuv7Oa1xmb0oQuA3w==
  dependencies:
    cssesc "^3.0.0"
    util-deprecate "^1.0.2"

postcss-value-parser@^4.0.0, postcss-value-parser@^4.2.0:
  version "4.2.0"
  resolved "https://registry.yarnpkg.com/postcss-value-parser/-/postcss-value-parser-4.2.0.tgz#723c09920836ba6d3e5af019f92bc0971c02e514"
  integrity sha512-1NNCs6uurfkVbeXG4S8JFT9t19m45ICnif8zWLd5oPSZ50QnwMfK+H3jv408d4jw/7Bttv5axS5IiHoLaVNHeQ==

postcss@^8.4.0:
  version "8.4.14"
  resolved "https://registry.yarnpkg.com/postcss/-/postcss-8.4.14.tgz#ee9274d5622b4858c1007a74d76e42e56fd21caf"
  integrity sha512-E398TUmfAYFPBSdzgeieK2Y1+1cpdxJx8yXbK/m57nRhKSmk1GB2tO4lbLBtlkfPQTDKfe4Xqv1ASWPpayPEig==
  dependencies:
    nanoid "^3.3.4"
    picocolors "^1.0.0"
    source-map-js "^1.0.2"

qr-creator@^1.0.0:
  version "1.0.0"
  resolved "https://registry.yarnpkg.com/qr-creator/-/qr-creator-1.0.0.tgz#f350a8f0b5be02bd1fc1ef133a038a06ef8bc5ef"
  integrity sha512-C0cqfbS1P5hfqN4NhsYsUXePlk9BO+a45bAQ3xLYjBL3bOIFzoVEjs79Fado9u9BPBD3buHi3+vY+C8tHh4qMQ==

read-cache@^1.0.0:
  version "1.0.0"
  resolved "https://registry.yarnpkg.com/read-cache/-/read-cache-1.0.0.tgz#e664ef31161166c9751cdbe8dbcf86b5fb58f774"
  integrity sha512-Owdv/Ft7IjOgm/i0xvNDZ1LrRANRfew4b2prF3OWMQLxLfu3bS8FVhCsrSCMK4lR56Y9ya+AThoTpDCTxCmpRA==
  dependencies:
    pify "^2.3.0"

regenerator-runtime@^0.13.4:
  version "0.13.9"
  resolved "https://registry.yarnpkg.com/regenerator-runtime/-/regenerator-runtime-0.13.9.tgz#8925742a98ffd90814988d7566ad30ca3b263b52"
  integrity sha512-p3VT+cOEgxFsRRA9X4lkI1E+k2/CtnKtU4gcxyaCUreilL/vqI6CdZ3wxVUx3UOUg+gnUOQQcRI7BmSI656MYA==

resolve@^1.1.7:
  version "1.22.1"
  resolved "https://registry.yarnpkg.com/resolve/-/resolve-1.22.1.tgz#27cb2ebb53f91abb49470a928bba7558066ac177"
  integrity sha512-nBpuuYuY5jFsli/JIs1oldw6fOQCBioohqWZg/2hiaOybXOft4lonv85uDOKXdf8rhyK159cxU5cDcK/NKk8zw==
  dependencies:
    is-core-module "^2.9.0"
    path-parse "^1.0.7"
    supports-preserve-symlinks-flag "^1.0.0"

simple-swizzle@^0.2.2:
  version "0.2.2"
  resolved "https://registry.yarnpkg.com/simple-swizzle/-/simple-swizzle-0.2.2.tgz#a4da6b635ffcccca33f70d17cb92592de95e557a"
  integrity sha512-JA//kQgZtbuY83m+xT+tXJkmJncGMTFT+C+g2h2R9uxkYIrE2yy9sgmcLhCnw57/WSD+Eh3J97FPEDFnbXnDUg==
  dependencies:
    is-arrayish "^0.3.1"

source-map-js@^1.0.2:
  version "1.0.2"
  resolved "https://registry.yarnpkg.com/source-map-js/-/source-map-js-1.0.2.tgz#adbc361d9c62df380125e7f161f71c826f1e490c"
  integrity sha512-R0XvVJ9WusLiqTCEiGCmICCMplcCkIwwR11mOSD9CR5u+IXYdiseeEuXCVAjS54zqwkLcPNnmU4OeJ6tUrWhDw==

supports-preserve-symlinks-flag@^1.0.0:
  version "1.0.0"
  resolved "https://registry.yarnpkg.com/supports-preserve-symlinks-flag/-/supports-preserve-symlinks-flag-1.0.0.tgz#6eda4bd344a3c94aea376d4cc31bc77311039e09"
  integrity sha512-ot0WnXS9fgdkgIcePe6RHNk1WA8+muPa6cSjeR3V8K27q9BB1rTE3R1p7Hv0z1ZyAc8s6Vvv8DIyWf681MAt0w==

tslib@^2.3.1:
  version "2.4.0"
  resolved "https://registry.yarnpkg.com/tslib/-/tslib-2.4.0.tgz#7cecaa7f073ce680a05847aa77be941098f36dc3"
  integrity sha512-d6xOpEDfsi2CZVlPQzGeux8XMwLT9hssAsaPYExaQMuYskwb+x1x7J371tWlbBdWHroy99KnVB6qIkUbs5X3UQ==

update-browserslist-db@^1.0.4:
  version "1.0.4"
  resolved "https://registry.yarnpkg.com/update-browserslist-db/-/update-browserslist-db-1.0.4.tgz#dbfc5a789caa26b1db8990796c2c8ebbce304824"
  integrity sha512-jnmO2BEGUjsMOe/Fg9u0oczOe/ppIDZPebzccl1yDWGLFP16Pa1/RM5wEoKYPG2zstNcDuAStejyxsOuKINdGA==
  dependencies:
    escalade "^3.1.1"
    picocolors "^1.0.0"

util-deprecate@^1.0.2:
  version "1.0.2"
  resolved "https://registry.yarnpkg.com/util-deprecate/-/util-deprecate-1.0.2.tgz#450d4dc9fa70de732762fbd2d4a28981419a0ccf"
  integrity sha512-EPD5q1uXyFxJpCrLnCc1nHnq3gOa6DZBocAIiI2TaSCA7VCJ1UJDMagCzIkXNsUYfD1daK//LTEQ8xiIbrHtcw==

wrappy@1:
  version "1.0.2"
  resolved "https://registry.yarnpkg.com/wrappy/-/wrappy-1.0.2.tgz#b5243d8f3ec1aa35f1364605bc0d1036e30ab69f"
  integrity sha512-l4Sp/DRseor9wL6EvV2+TuQn63dMkPjZ/sp9XkghTEbV9KlPS1xUsZ3u7/IQO4wxtcFB4bgpQPRcR3QCvezPcQ==

yaml@^1.10.2:
  version "1.10.2"
  resolved "https://registry.yarnpkg.com/yaml/-/yaml-1.10.2.tgz#2301c5ffbf12b467de8da2333a459e29e7920e4b"
  integrity sha512-r3vXyErRCYJ7wg28yvBY5VSoAF8ZvlcW9/BwUzEtUsjvX/DKs24dIkuwjtuprwJJHsbyUbLApepYTR1BN4uHrg==
